// !$*UTF8*$!
{
	archiveVersion = 1;
	classes = {
	};
	objectVersion = 46;
	objects = {

/* Begin PBXBuildFile section */
		641920531F05DCC5003F84D1 /* SideBar.swift in Sources */ = {isa = PBXBuildFile; fileRef = 641920511F05DCC5003F84D1 /* SideBar.swift */; };
		641920541F05DCC5003F84D1 /* SideBarTableViewController.swift in Sources */ = {isa = PBXBuildFile; fileRef = 641920521F05DCC5003F84D1 /* SideBarTableViewController.swift */; };
		641920561F0D29E7003F84D1 /* Main.storyboard in Resources */ = {isa = PBXBuildFile; fileRef = 641920551F0D29E7003F84D1 /* Main.storyboard */; };
		6467E0821F0EAEB300EACCBA /* SwiftyJSON-1.swift in Sources */ = {isa = PBXBuildFile; fileRef = 6467E0811F0EAEB300EACCBA /* SwiftyJSON-1.swift */; };
		E539A76F1F056EC900F5FDAB /* DetailViewController.swift in Sources */ = {isa = PBXBuildFile; fileRef = E539A76E1F056EC900F5FDAB /* DetailViewController.swift */; };
		E5F3109B1F041FB4007867FB /* AppDelegate.swift in Sources */ = {isa = PBXBuildFile; fileRef = E5F3109A1F041FB4007867FB /* AppDelegate.swift */; };
		E5F3109D1F041FB4007867FB /* ViewController.swift in Sources */ = {isa = PBXBuildFile; fileRef = E5F3109C1F041FB4007867FB /* ViewController.swift */; };
		E5F310A21F041FB4007867FB /* Assets.xcassets in Resources */ = {isa = PBXBuildFile; fileRef = E5F310A11F041FB4007867FB /* Assets.xcassets */; };
		E5F310A51F041FB4007867FB /* LaunchScreen.storyboard in Resources */ = {isa = PBXBuildFile; fileRef = E5F310A31F041FB4007867FB /* LaunchScreen.storyboard */; };
		E5F310B01F041FB5007867FB /* FunkyForecastTests.swift in Sources */ = {isa = PBXBuildFile; fileRef = E5F310AF1F041FB5007867FB /* FunkyForecastTests.swift */; };
		E5F310BB1F041FB5007867FB /* FunkyForecastUITests.swift in Sources */ = {isa = PBXBuildFile; fileRef = E5F310BA1F041FB5007867FB /* FunkyForecastUITests.swift */; };
/* End PBXBuildFile section */

/* Begin PBXContainerItemProxy section */
		E5F310AC1F041FB5007867FB /* PBXContainerItemProxy */ = {
			isa = PBXContainerItemProxy;
			containerPortal = E5F3108F1F041FB4007867FB /* Project object */;
			proxyType = 1;
			remoteGlobalIDString = E5F310961F041FB4007867FB;
			remoteInfo = FunkyForecast;
		};
		E5F310B71F041FB5007867FB /* PBXContainerItemProxy */ = {
			isa = PBXContainerItemProxy;
			containerPortal = E5F3108F1F041FB4007867FB /* Project object */;
			proxyType = 1;
			remoteGlobalIDString = E5F310961F041FB4007867FB;
			remoteInfo = FunkyForecast;
		};
/* End PBXContainerItemProxy section */

/* Begin PBXFileReference section */
		641920511F05DCC5003F84D1 /* SideBar.swift */ = {isa = PBXFileReference; fileEncoding = 4; lastKnownFileType = sourcecode.swift; path = SideBar.swift; sourceTree = "<group>"; };
		641920521F05DCC5003F84D1 /* SideBarTableViewController.swift */ = {isa = PBXFileReference; fileEncoding = 4; lastKnownFileType = sourcecode.swift; path = SideBarTableViewController.swift; sourceTree = "<group>"; };
		641920551F0D29E7003F84D1 /* Main.storyboard */ = {isa = PBXFileReference; fileEncoding = 4; lastKnownFileType = file.storyboard; path = Main.storyboard; sourceTree = "<group>"; };
		6467E0811F0EAEB300EACCBA /* SwiftyJSON-1.swift */ = {isa = PBXFileReference; fileEncoding = 4; lastKnownFileType = sourcecode.swift; path = "SwiftyJSON-1.swift"; sourceTree = "<group>"; };
		E539A76E1F056EC900F5FDAB /* DetailViewController.swift */ = {isa = PBXFileReference; fileEncoding = 4; lastKnownFileType = sourcecode.swift; path = DetailViewController.swift; sourceTree = "<group>"; };
		E5F310971F041FB4007867FB /* FunkyForecast.app */ = {isa = PBXFileReference; explicitFileType = wrapper.application; includeInIndex = 0; path = FunkyForecast.app; sourceTree = BUILT_PRODUCTS_DIR; };
		E5F3109A1F041FB4007867FB /* AppDelegate.swift */ = {isa = PBXFileReference; lastKnownFileType = sourcecode.swift; path = AppDelegate.swift; sourceTree = "<group>"; };
		E5F3109C1F041FB4007867FB /* ViewController.swift */ = {isa = PBXFileReference; lastKnownFileType = sourcecode.swift; path = ViewController.swift; sourceTree = "<group>"; };
		E5F310A11F041FB4007867FB /* Assets.xcassets */ = {isa = PBXFileReference; lastKnownFileType = folder.assetcatalog; path = Assets.xcassets; sourceTree = "<group>"; };
		E5F310A41F041FB4007867FB /* Base */ = {isa = PBXFileReference; lastKnownFileType = file.storyboard; name = Base; path = Base.lproj/LaunchScreen.storyboard; sourceTree = "<group>"; };
		E5F310A61F041FB4007867FB /* Info.plist */ = {isa = PBXFileReference; lastKnownFileType = text.plist.xml; path = Info.plist; sourceTree = "<group>"; };
		E5F310AB1F041FB5007867FB /* FunkyForecastTests.xctest */ = {isa = PBXFileReference; explicitFileType = wrapper.cfbundle; includeInIndex = 0; path = FunkyForecastTests.xctest; sourceTree = BUILT_PRODUCTS_DIR; };
		E5F310AF1F041FB5007867FB /* FunkyForecastTests.swift */ = {isa = PBXFileReference; lastKnownFileType = sourcecode.swift; path = FunkyForecastTests.swift; sourceTree = "<group>"; };
		E5F310B11F041FB5007867FB /* Info.plist */ = {isa = PBXFileReference; lastKnownFileType = text.plist.xml; path = Info.plist; sourceTree = "<group>"; };
		E5F310B61F041FB5007867FB /* FunkyForecastUITests.xctest */ = {isa = PBXFileReference; explicitFileType = wrapper.cfbundle; includeInIndex = 0; path = FunkyForecastUITests.xctest; sourceTree = BUILT_PRODUCTS_DIR; };
		E5F310BA1F041FB5007867FB /* FunkyForecastUITests.swift */ = {isa = PBXFileReference; lastKnownFileType = sourcecode.swift; path = FunkyForecastUITests.swift; sourceTree = "<group>"; };
		E5F310BC1F041FB5007867FB /* Info.plist */ = {isa = PBXFileReference; lastKnownFileType = text.plist.xml; path = Info.plist; sourceTree = "<group>"; };
/* End PBXFileReference section */

/* Begin PBXFrameworksBuildPhase section */
		E5F310941F041FB4007867FB /* Frameworks */ = {
			isa = PBXFrameworksBuildPhase;
			buildActionMask = 2147483647;
			files = (
			);
			runOnlyForDeploymentPostprocessing = 0;
		};
		E5F310A81F041FB5007867FB /* Frameworks */ = {
			isa = PBXFrameworksBuildPhase;
			buildActionMask = 2147483647;
			files = (
			);
			runOnlyForDeploymentPostprocessing = 0;
		};
		E5F310B31F041FB5007867FB /* Frameworks */ = {
			isa = PBXFrameworksBuildPhase;
			buildActionMask = 2147483647;
			files = (
			);
			runOnlyForDeploymentPostprocessing = 0;
		};
/* End PBXFrameworksBuildPhase section */

/* Begin PBXGroup section */
		E5F3108E1F041FB4007867FB = {
			isa = PBXGroup;
			children = (
				E5F310991F041FB4007867FB /* FunkyForecast */,
				E5F310AE1F041FB5007867FB /* FunkyForecastTests */,
				E5F310B91F041FB5007867FB /* FunkyForecastUITests */,
				E5F310981F041FB4007867FB /* Products */,
			);
			sourceTree = "<group>";
		};
		E5F310981F041FB4007867FB /* Products */ = {
			isa = PBXGroup;
			children = (
				E5F310971F041FB4007867FB /* FunkyForecast.app */,
				E5F310AB1F041FB5007867FB /* FunkyForecastTests.xctest */,
				E5F310B61F041FB5007867FB /* FunkyForecastUITests.xctest */,
			);
			name = Products;
			sourceTree = "<group>";
		};
		E5F310991F041FB4007867FB /* FunkyForecast */ = {
			isa = PBXGroup;
			children = (
				E5F3109A1F041FB4007867FB /* AppDelegate.swift */,
				E5F3109C1F041FB4007867FB /* ViewController.swift */,
				E539A76E1F056EC900F5FDAB /* DetailViewController.swift */,
				6467E0811F0EAEB300EACCBA /* SwiftyJSON-1.swift */,
				641920551F0D29E7003F84D1 /* Main.storyboard */,
				641920511F05DCC5003F84D1 /* SideBar.swift */,
				641920521F05DCC5003F84D1 /* SideBarTableViewController.swift */,
				E5F310A11F041FB4007867FB /* Assets.xcassets */,
				E5F310A31F041FB4007867FB /* LaunchScreen.storyboard */,
				E5F310A61F041FB4007867FB /* Info.plist */,
			);
			path = FunkyForecast;
			sourceTree = "<group>";
		};
		E5F310AE1F041FB5007867FB /* FunkyForecastTests */ = {
			isa = PBXGroup;
			children = (
				E5F310AF1F041FB5007867FB /* FunkyForecastTests.swift */,
				E5F310B11F041FB5007867FB /* Info.plist */,
			);
			path = FunkyForecastTests;
			sourceTree = "<group>";
		};
		E5F310B91F041FB5007867FB /* FunkyForecastUITests */ = {
			isa = PBXGroup;
			children = (
				E5F310BA1F041FB5007867FB /* FunkyForecastUITests.swift */,
				E5F310BC1F041FB5007867FB /* Info.plist */,
			);
			path = FunkyForecastUITests;
			sourceTree = "<group>";
		};
/* End PBXGroup section */

/* Begin PBXNativeTarget section */
		E5F310961F041FB4007867FB /* FunkyForecast */ = {
			isa = PBXNativeTarget;
			buildConfigurationList = E5F310BF1F041FB5007867FB /* Build configuration list for PBXNativeTarget "FunkyForecast" */;
			buildPhases = (
				E5F310931F041FB4007867FB /* Sources */,
				E5F310941F041FB4007867FB /* Frameworks */,
				E5F310951F041FB4007867FB /* Resources */,
			);
			buildRules = (
			);
			dependencies = (
			);
			name = FunkyForecast;
			productName = FunkyForecast;
			productReference = E5F310971F041FB4007867FB /* FunkyForecast.app */;
			productType = "com.apple.product-type.application";
		};
		E5F310AA1F041FB5007867FB /* FunkyForecastTests */ = {
			isa = PBXNativeTarget;
			buildConfigurationList = E5F310C21F041FB5007867FB /* Build configuration list for PBXNativeTarget "FunkyForecastTests" */;
			buildPhases = (
				E5F310A71F041FB5007867FB /* Sources */,
				E5F310A81F041FB5007867FB /* Frameworks */,
				E5F310A91F041FB5007867FB /* Resources */,
			);
			buildRules = (
			);
			dependencies = (
				E5F310AD1F041FB5007867FB /* PBXTargetDependency */,
			);
			name = FunkyForecastTests;
			productName = FunkyForecastTests;
			productReference = E5F310AB1F041FB5007867FB /* FunkyForecastTests.xctest */;
			productType = "com.apple.product-type.bundle.unit-test";
		};
		E5F310B51F041FB5007867FB /* FunkyForecastUITests */ = {
			isa = PBXNativeTarget;
			buildConfigurationList = E5F310C51F041FB5007867FB /* Build configuration list for PBXNativeTarget "FunkyForecastUITests" */;
			buildPhases = (
				E5F310B21F041FB5007867FB /* Sources */,
				E5F310B31F041FB5007867FB /* Frameworks */,
				E5F310B41F041FB5007867FB /* Resources */,
			);
			buildRules = (
			);
			dependencies = (
				E5F310B81F041FB5007867FB /* PBXTargetDependency */,
			);
			name = FunkyForecastUITests;
			productName = FunkyForecastUITests;
			productReference = E5F310B61F041FB5007867FB /* FunkyForecastUITests.xctest */;
			productType = "com.apple.product-type.bundle.ui-testing";
		};
/* End PBXNativeTarget section */

/* Begin PBXProject section */
		E5F3108F1F041FB4007867FB /* Project object */ = {
			isa = PBXProject;
			attributes = {
				LastSwiftUpdateCheck = 0830;
				LastUpgradeCheck = 0830;
				ORGANIZATIONNAME = "Andrew Yang";
				TargetAttributes = {
					E5F310961F041FB4007867FB = {
						CreatedOnToolsVersion = 8.3.3;
						DevelopmentTeam = UUQSXCA3SX;
						LastSwiftMigration = 0830;
						ProvisioningStyle = Automatic;
					};
					E5F310AA1F041FB5007867FB = {
						CreatedOnToolsVersion = 8.3.3;
						ProvisioningStyle = Automatic;
						TestTargetID = E5F310961F041FB4007867FB;
					};
					E5F310B51F041FB5007867FB = {
						CreatedOnToolsVersion = 8.3.3;
						ProvisioningStyle = Automatic;
						TestTargetID = E5F310961F041FB4007867FB;
					};
				};
			};
			buildConfigurationList = E5F310921F041FB4007867FB /* Build configuration list for PBXProject "FunkyForecast" */;
			compatibilityVersion = "Xcode 3.2";
			developmentRegion = English;
			hasScannedForEncodings = 0;
			knownRegions = (
				en,
				Base,
			);
			mainGroup = E5F3108E1F041FB4007867FB;
			productRefGroup = E5F310981F041FB4007867FB /* Products */;
			projectDirPath = "";
			projectRoot = "";
			targets = (
				E5F310961F041FB4007867FB /* FunkyForecast */,
				E5F310AA1F041FB5007867FB /* FunkyForecastTests */,
				E5F310B51F041FB5007867FB /* FunkyForecastUITests */,
			);
		};
/* End PBXProject section */

/* Begin PBXResourcesBuildPhase section */
		E5F310951F041FB4007867FB /* Resources */ = {
			isa = PBXResourcesBuildPhase;
			buildActionMask = 2147483647;
			files = (
				641920561F0D29E7003F84D1 /* Main.storyboard in Resources */,
				E5F310A51F041FB4007867FB /* LaunchScreen.storyboard in Resources */,
				E5F310A21F041FB4007867FB /* Assets.xcassets in Resources */,
			);
			runOnlyForDeploymentPostprocessing = 0;
		};
		E5F310A91F041FB5007867FB /* Resources */ = {
			isa = PBXResourcesBuildPhase;
			buildActionMask = 2147483647;
			files = (
			);
			runOnlyForDeploymentPostprocessing = 0;
		};
		E5F310B41F041FB5007867FB /* Resources */ = {
			isa = PBXResourcesBuildPhase;
			buildActionMask = 2147483647;
			files = (
			);
			runOnlyForDeploymentPostprocessing = 0;
		};
/* End PBXResourcesBuildPhase section */

/* Begin PBXSourcesBuildPhase section */
		E5F310931F041FB4007867FB /* Sources */ = {
			isa = PBXSourcesBuildPhase;
			buildActionMask = 2147483647;
			files = (
				641920531F05DCC5003F84D1 /* SideBar.swift in Sources */,
				E5F3109D1F041FB4007867FB /* ViewController.swift in Sources */,
				E5F3109B1F041FB4007867FB /* AppDelegate.swift in Sources */,
				E539A76F1F056EC900F5FDAB /* DetailViewController.swift in Sources */,
				641920541F05DCC5003F84D1 /* SideBarTableViewController.swift in Sources */,
				6467E0821F0EAEB300EACCBA /* SwiftyJSON-1.swift in Sources */,
			);
			runOnlyForDeploymentPostprocessing = 0;
		};
		E5F310A71F041FB5007867FB /* Sources */ = {
			isa = PBXSourcesBuildPhase;
			buildActionMask = 2147483647;
			files = (
				E5F310B01F041FB5007867FB /* FunkyForecastTests.swift in Sources */,
			);
			runOnlyForDeploymentPostprocessing = 0;
		};
		E5F310B21F041FB5007867FB /* Sources */ = {
			isa = PBXSourcesBuildPhase;
			buildActionMask = 2147483647;
			files = (
				E5F310BB1F041FB5007867FB /* FunkyForecastUITests.swift in Sources */,
			);
			runOnlyForDeploymentPostprocessing = 0;
		};
/* End PBXSourcesBuildPhase section */

/* Begin PBXTargetDependency section */
		E5F310AD1F041FB5007867FB /* PBXTargetDependency */ = {
			isa = PBXTargetDependency;
			target = E5F310961F041FB4007867FB /* FunkyForecast */;
			targetProxy = E5F310AC1F041FB5007867FB /* PBXContainerItemProxy */;
		};
		E5F310B81F041FB5007867FB /* PBXTargetDependency */ = {
			isa = PBXTargetDependency;
			target = E5F310961F041FB4007867FB /* FunkyForecast */;
			targetProxy = E5F310B71F041FB5007867FB /* PBXContainerItemProxy */;
		};
/* End PBXTargetDependency section */

/* Begin PBXVariantGroup section */
		E5F310A31F041FB4007867FB /* LaunchScreen.storyboard */ = {
			isa = PBXVariantGroup;
			children = (
				E5F310A41F041FB4007867FB /* Base */,
			);
			name = LaunchScreen.storyboard;
			sourceTree = "<group>";
		};
/* End PBXVariantGroup section */

/* Begin XCBuildConfiguration section */
		E5F310BD1F041FB5007867FB /* Debug */ = {
			isa = XCBuildConfiguration;
			buildSettings = {
				ALWAYS_SEARCH_USER_PATHS = NO;
				CLANG_ANALYZER_NONNULL = YES;
				CLANG_ANALYZER_NUMBER_OBJECT_CONVERSION = YES_AGGRESSIVE;
				CLANG_CXX_LANGUAGE_STANDARD = "gnu++0x";
				CLANG_CXX_LIBRARY = "libc++";
				CLANG_ENABLE_MODULES = YES;
				CLANG_ENABLE_OBJC_ARC = YES;
				CLANG_WARN_BOOL_CONVERSION = YES;
				CLANG_WARN_CONSTANT_CONVERSION = YES;
				CLANG_WARN_DIRECT_OBJC_ISA_USAGE = YES_ERROR;
				CLANG_WARN_DOCUMENTATION_COMMENTS = YES;
				CLANG_WARN_EMPTY_BODY = YES;
				CLANG_WARN_ENUM_CONVERSION = YES;
				CLANG_WARN_INFINITE_RECURSION = YES;
				CLANG_WARN_INT_CONVERSION = YES;
				CLANG_WARN_OBJC_ROOT_CLASS = YES_ERROR;
				CLANG_WARN_SUSPICIOUS_MOVE = YES;
				CLANG_WARN_UNREACHABLE_CODE = YES;
				CLANG_WARN__DUPLICATE_METHOD_MATCH = YES;
				"CODE_SIGN_IDENTITY[sdk=iphoneos*]" = "iPhone Developer";
				COPY_PHASE_STRIP = NO;
				DEBUG_INFORMATION_FORMAT = dwarf;
				ENABLE_STRICT_OBJC_MSGSEND = YES;
				ENABLE_TESTABILITY = YES;
				GCC_C_LANGUAGE_STANDARD = gnu99;
				GCC_DYNAMIC_NO_PIC = NO;
				GCC_NO_COMMON_BLOCKS = YES;
				GCC_OPTIMIZATION_LEVEL = 0;
				GCC_PREPROCESSOR_DEFINITIONS = (
					"DEBUG=1",
					"$(inherited)",
				);
				GCC_WARN_64_TO_32_BIT_CONVERSION = YES;
				GCC_WARN_ABOUT_RETURN_TYPE = YES_ERROR;
				GCC_WARN_UNDECLARED_SELECTOR = YES;
				GCC_WARN_UNINITIALIZED_AUTOS = YES_AGGRESSIVE;
				GCC_WARN_UNUSED_FUNCTION = YES;
				GCC_WARN_UNUSED_VARIABLE = YES;
				IPHONEOS_DEPLOYMENT_TARGET = 10.3;
				MTL_ENABLE_DEBUG_INFO = YES;
				ONLY_ACTIVE_ARCH = YES;
				SDKROOT = iphoneos;
				SWIFT_ACTIVE_COMPILATION_CONDITIONS = DEBUG;
				SWIFT_OPTIMIZATION_LEVEL = "-Onone";
				TARGETED_DEVICE_FAMILY = "1,2";
			};
			name = Debug;
		};
		E5F310BE1F041FB5007867FB /* Release */ = {
			isa = XCBuildConfiguration;
			buildSettings = {
				ALWAYS_SEARCH_USER_PATHS = NO;
				CLANG_ANALYZER_NONNULL = YES;
				CLANG_ANALYZER_NUMBER_OBJECT_CONVERSION = YES_AGGRESSIVE;
				CLANG_CXX_LANGUAGE_STANDARD = "gnu++0x";
				CLANG_CXX_LIBRARY = "libc++";
				CLANG_ENABLE_MODULES = YES;
				CLANG_ENABLE_OBJC_ARC = YES;
				CLANG_WARN_BOOL_CONVERSION = YES;
				CLANG_WARN_CONSTANT_CONVERSION = YES;
				CLANG_WARN_DIRECT_OBJC_ISA_USAGE = YES_ERROR;
				CLANG_WARN_DOCUMENTATION_COMMENTS = YES;
				CLANG_WARN_EMPTY_BODY = YES;
				CLANG_WARN_ENUM_CONVERSION = YES;
				CLANG_WARN_INFINITE_RECURSION = YES;
				CLANG_WARN_INT_CONVERSION = YES;
				CLANG_WARN_OBJC_ROOT_CLASS = YES_ERROR;
				CLANG_WARN_SUSPICIOUS_MOVE = YES;
				CLANG_WARN_UNREACHABLE_CODE = YES;
				CLANG_WARN__DUPLICATE_METHOD_MATCH = YES;
				"CODE_SIGN_IDENTITY[sdk=iphoneos*]" = "iPhone Developer";
				COPY_PHASE_STRIP = NO;
				DEBUG_INFORMATION_FORMAT = "dwarf-with-dsym";
				ENABLE_NS_ASSERTIONS = NO;
				ENABLE_STRICT_OBJC_MSGSEND = YES;
				GCC_C_LANGUAGE_STANDARD = gnu99;
				GCC_NO_COMMON_BLOCKS = YES;
				GCC_WARN_64_TO_32_BIT_CONVERSION = YES;
				GCC_WARN_ABOUT_RETURN_TYPE = YES_ERROR;
				GCC_WARN_UNDECLARED_SELECTOR = YES;
				GCC_WARN_UNINITIALIZED_AUTOS = YES_AGGRESSIVE;
				GCC_WARN_UNUSED_FUNCTION = YES;
				GCC_WARN_UNUSED_VARIABLE = YES;
				IPHONEOS_DEPLOYMENT_TARGET = 10.3;
				MTL_ENABLE_DEBUG_INFO = NO;
				SDKROOT = iphoneos;
				SWIFT_OPTIMIZATION_LEVEL = "-Owholemodule";
				TARGETED_DEVICE_FAMILY = "1,2";
				VALIDATE_PRODUCT = YES;
			};
			name = Release;
		};
		E5F310C01F041FB5007867FB /* Debug */ = {
			isa = XCBuildConfiguration;
			buildSettings = {
				ASSETCATALOG_COMPILER_APPICON_NAME = AppIcon;
				CLANG_ENABLE_MODULES = YES;
				DEVELOPMENT_TEAM = UUQSXCA3SX;
				INFOPLIST_FILE = FunkyForecast/Info.plist;
				LD_RUNPATH_SEARCH_PATHS = "$(inherited) @executable_path/Frameworks";
				PRODUCT_BUNDLE_IDENTIFIER = whatever.FunkyForecast;
				PRODUCT_NAME = "$(TARGET_NAME)";
				SWIFT_OBJC_BRIDGING_HEADER = "FunkyForecast/FunkyForecast-Bridging-Header.h";
				SWIFT_OPTIMIZATION_LEVEL = "-Onone";
				SWIFT_VERSION = 3.0;
			};
			name = Debug;
		};
		E5F310C11F041FB5007867FB /* Release */ = {
			isa = XCBuildConfiguration;
			buildSettings = {
				ASSETCATALOG_COMPILER_APPICON_NAME = AppIcon;
				CLANG_ENABLE_MODULES = YES;
				DEVELOPMENT_TEAM = UUQSXCA3SX;
				INFOPLIST_FILE = FunkyForecast/Info.plist;
				LD_RUNPATH_SEARCH_PATHS = "$(inherited) @executable_path/Frameworks";
				PRODUCT_BUNDLE_IDENTIFIER = whatever.FunkyForecast;
				PRODUCT_NAME = "$(TARGET_NAME)";
				SWIFT_OBJC_BRIDGING_HEADER = "FunkyForecast/FunkyForecast-Bridging-Header.h";
				SWIFT_VERSION = 3.0;
			};
			name = Release;
		};
		E5F310C31F041FB5007867FB /* Debug */ = {
			isa = XCBuildConfiguration;
			buildSettings = {
				ALWAYS_EMBED_SWIFT_STANDARD_LIBRARIES = YES;
				BUNDLE_LOADER = "$(TEST_HOST)";
				INFOPLIST_FILE = FunkyForecastTests/Info.plist;
				LD_RUNPATH_SEARCH_PATHS = "$(inherited) @executable_path/Frameworks @loader_path/Frameworks";
				PRODUCT_BUNDLE_IDENTIFIER = whatever.FunkyForecastTests;
				PRODUCT_NAME = "$(TARGET_NAME)";
				SWIFT_VERSION = 3.0;
				TEST_HOST = "$(BUILT_PRODUCTS_DIR)/FunkyForecast.app/FunkyForecast";
			};
			name = Debug;
		};
		E5F310C41F041FB5007867FB /* Release */ = {
			isa = XCBuildConfiguration;
			buildSettings = {
				ALWAYS_EMBED_SWIFT_STANDARD_LIBRARIES = YES;
				BUNDLE_LOADER = "$(TEST_HOST)";
				INFOPLIST_FILE = FunkyForecastTests/Info.plist;
				LD_RUNPATH_SEARCH_PATHS = "$(inherited) @executable_path/Frameworks @loader_path/Frameworks";
				PRODUCT_BUNDLE_IDENTIFIER = whatever.FunkyForecastTests;
				PRODUCT_NAME = "$(TARGET_NAME)";
				SWIFT_VERSION = 3.0;
				TEST_HOST = "$(BUILT_PRODUCTS_DIR)/FunkyForecast.app/FunkyForecast";
			};
			name = Release;
		};
		E5F310C61F041FB5007867FB /* Debug */ = {
			isa = XCBuildConfiguration;
			buildSettings = {
				ALWAYS_EMBED_SWIFT_STANDARD_LIBRARIES = YES;
				INFOPLIST_FILE = FunkyForecastUITests/Info.plist;
				LD_RUNPATH_SEARCH_PATHS = "$(inherited) @executable_path/Frameworks @loader_path/Frameworks";
				PRODUCT_BUNDLE_IDENTIFIER = whatever.FunkyForecastUITests;
				PRODUCT_NAME = "$(TARGET_NAME)";
				SWIFT_VERSION = 3.0;
				TEST_TARGET_NAME = FunkyForecast;
			};
			name = Debug;
		};
		E5F310C71F041FB5007867FB /* Release */ = {
			isa = XCBuildConfiguration;
			buildSettings = {
				ALWAYS_EMBED_SWIFT_STANDARD_LIBRARIES = YES;
				INFOPLIST_FILE = FunkyForecastUITests/Info.plist;
				LD_RUNPATH_SEARCH_PATHS = "$(inherited) @executable_path/Frameworks @loader_path/Frameworks";
				PRODUCT_BUNDLE_IDENTIFIER = whatever.FunkyForecastUITests;
				PRODUCT_NAME = "$(TARGET_NAME)";
				SWIFT_VERSION = 3.0;
				TEST_TARGET_NAME = FunkyForecast;
			};
			name = Release;
		};
/* End XCBuildConfiguration section */

/* Begin XCConfigurationList section */
		E5F310921F041FB4007867FB /* Build configuration list for PBXProject "FunkyForecast" */ = {
			isa = XCConfigurationList;
			buildConfigurations = (
				E5F310BD1F041FB5007867FB /* Debug */,
				E5F310BE1F041FB5007867FB /* Release */,
			);
			defaultConfigurationIsVisible = 0;
			defaultConfigurationName = Release;
		};
		E5F310BF1F041FB5007867FB /* Build configuration list for PBXNativeTarget "FunkyForecast" */ = {
			isa = XCConfigurationList;
			buildConfigurations = (
				E5F310C01F041FB5007867FB /* Debug */,
				E5F310C11F041FB5007867FB /* Release */,
			);
			defaultConfigurationIsVisible = 0;
			defaultConfigurationName = Release;
		};
		E5F310C21F041FB5007867FB /* Build configuration list for PBXNativeTarget "FunkyForecastTests" */ = {
			isa = XCConfigurationList;
			buildConfigurations = (
				E5F310C31F041FB5007867FB /* Debug */,
				E5F310C41F041FB5007867FB /* Release */,
			);
			defaultConfigurationIsVisible = 0;
			defaultConfigurationName = Release;
		};
		E5F310C51F041FB5007867FB /* Build configuration list for PBXNativeTarget "FunkyForecastUITests" */ = {
			isa = XCConfigurationList;
			buildConfigurations = (
				E5F310C61F041FB5007867FB /* Debug */,
				E5F310C71F041FB5007867FB /* Release */,
			);
			defaultConfigurationIsVisible = 0;
			defaultConfigurationName = Release;
		};
/* End XCConfigurationList section */
	};
	rootObject = E5F3108F1F041FB4007867FB /* Project object */;
}
